
Microsoft Visual Studio Solution File, Format Version 12.00
# Visual Studio Version 16
VisualStudioVersion = 16.0.30804.86
MinimumVisualStudioVersion = 10.0.40219.1
Project("{9A19103F-16F7-4668-BE54-9A1E7A4F7556}") = "SampleAPI", "SampleAPI\SampleAPI.csproj", "{C819B0BD-B3C4-4501-8D42-928A5B321C0D}"
EndProject
Project("{2150E333-8FDC-42A3-9474-1A3956D46DE8}") = "Solution Items", "Solution Items", "{C41D0F09-1747-4655-9B03-1FFB2A3F659B}"
EndProject
Project("{2150E333-8FDC-42A3-9474-1A3956D46DE8}") = ".github", ".github", "{BDD45E3D-BBF7-4BBF-BAD3-E280AF7BB1D4}"
EndProject
Project("{2150E333-8FDC-42A3-9474-1A3956D46DE8}") = "workflows", "workflows", "{AA4B4226-F7CA-4AC2-BE61-47F488313BCE}"
	ProjectSection(SolutionItems) = preProject
		.github\workflows\build.yml = .github\workflows\build.yml
		release.yml = release.yml
	EndProjectSection
EndProject
Global
	GlobalSection(SolutionConfigurationPlatforms) = preSolution
		Debug|Any CPU = Debug|Any CPU
		Release|Any CPU = Release|Any CPU
	EndGlobalSection
	GlobalSection(ProjectConfigurationPlatforms) = postSolution
		{C819B0BD-B3C4-4501-8D42-928A5B321C0D}.Debug|Any CPU.ActiveCfg = Debug|Any CPU
		{C819B0BD-B3C4-4501-8D42-928A5B321C0D}.Debug|Any CPU.Build.0 = Debug|Any CPU
		{C819B0BD-B3C4-4501-8D42-928A5B321C0D}.Release|Any CPU.ActiveCfg = Release|Any CPU
		{C819B0BD-B3C4-4501-8D42-928A5B321C0D}.Release|Any CPU.Build.0 = Release|Any CPU
	EndGlobalSection
	GlobalSection(SolutionProperties) = preSolution
		HideSolutionNode = FALSE
	EndGlobalSection
	GlobalSection(NestedProjects) = preSolution
		{BDD45E3D-BBF7-4BBF-BAD3-E280AF7BB1D4} = {C41D0F09-1747-4655-9B03-1FFB2A3F659B}
		{AA4B4226-F7CA-4AC2-BE61-47F488313BCE} = {BDD45E3D-BBF7-4BBF-BAD3-E280AF7BB1D4}
	EndGlobalSection
	GlobalSection(ExtensibilityGlobals) = postSolution
		SolutionGuid = {8CE31323-BD82-4596-8C75-4C2FD5B4BFDC}
	EndGlobalSection
EndGlobal
